<?xml version="1.0" encoding="utf-8"?>
<Project ToolsVersion="4.0" xmlns="http://schemas.microsoft.com/developer/msbuild/2003">
  <ItemGroup>
    <Filter Include="Файлы исходного кода">
      <UniqueIdentifier>{4FC737F1-C7A5-4376-A066-2A32D752A2FF}</UniqueIdentifier>
      <Extensions>cpp;c;cc;cxx;def;odl;idl;hpj;bat;asm;asmx</Extensions>
    </Filter>
    <Filter Include="Заголовочные файлы">
      <UniqueIdentifier>{93995380-89BD-4b04-88EB-625FBE52EBFB}</UniqueIdentifier>
      <Extensions>h;hpp;hxx;hm;inl;inc;xsd</Extensions>
    </Filter>
    <Filter Include="Файлы ресурсов">
      <UniqueIdentifier>{67DA6AB6-F800-4c08-8B7A-83BB121AAD01}</UniqueIdentifier>
      <Extensions>rc;ico;cur;bmp;dlg;rc2;rct;bin;rgs;gif;jpg;jpeg;jpe;resx;tiff;tif;png;wav;mfcribbon-ms</Extensions>
    </Filter>
    <Filter Include="gsoap_autogenerated">
      <UniqueIdentifier>{269823d1-efbc-49dc-ab62-daf3399691f5}</UniqueIdentifier>
    </Filter>
    <Filter Include="utf8lib">
      <UniqueIdentifier>{0743baf6-9e76-44bb-8051-90a3d7c754d2}</UniqueIdentifier>
    </Filter>
    <Filter Include="gsoap_autogenerated\headers">
      <UniqueIdentifier>{5f68c50a-4035-4e5e-8ab4-7cc5a100c186}</UniqueIdentifier>
    </Filter>
    <Filter Include="gsoap_autogenerated\src">
      <UniqueIdentifier>{c86dc92e-457c-4e2e-b589-838a8851677f}</UniqueIdentifier>
    </Filter>
    <Filter Include="utf8lib\headers">
      <UniqueIdentifier>{1c658917-c77f-4617-9ed9-754f6b7ccae8}</UniqueIdentifier>
    </Filter>
  </ItemGroup>
  <ItemGroup>
    <None Include="..\ReadMe.txt" />
    <None Include="..\src\gsoap_autogenerated\shingle.nsmap">
      <Filter>gsoap_autogenerated\headers</Filter>
    </None>
    <None Include="ClassDiagram1.cd" />
  </ItemGroup>
  <ItemGroup>
    <ClInclude Include="..\headers\constants.h">
      <Filter>Заголовочные файлы</Filter>
    </ClInclude>
    <ClInclude Include="..\headers\shingleApp.h">
      <Filter>Заголовочные файлы</Filter>
    </ClInclude>
    <ClInclude Include="..\headers\ShingleAppLogger.h">
      <Filter>Заголовочные файлы</Filter>
    </ClInclude>
    <ClInclude Include="..\headers\shingles.h">
      <Filter>Заголовочные файлы</Filter>
    </ClInclude>
    <ClInclude Include="..\headers\staffClasses.h">
      <Filter>Заголовочные файлы</Filter>
    </ClInclude>
    <ClInclude Include="..\headers\stdafx.h">
      <Filter>Заголовочные файлы</Filter>
    </ClInclude>
    <ClInclude Include="..\headers\targetver.h">
      <Filter>Заголовочные файлы</Filter>
    </ClInclude>
    <ClInclude Include="..\include\utf8.h">
      <Filter>utf8lib\headers</Filter>
    </ClInclude>
    <ClInclude Include="..\include\utf8\checked.h">
      <Filter>utf8lib\headers</Filter>
    </ClInclude>
    <ClInclude Include="..\include\utf8\core.h">
      <Filter>utf8lib\headers</Filter>
    </ClInclude>
    <ClInclude Include="..\include\utf8\unchecked.h">
      <Filter>utf8lib\headers</Filter>
    </ClInclude>
    <ClInclude Include="..\src\gsoap_autogenerated\soapH.h">
      <Filter>gsoap_autogenerated\headers</Filter>
    </ClInclude>
    <ClInclude Include="..\src\gsoap_autogenerated\soapshingleService.h">
      <Filter>gsoap_autogenerated\headers</Filter>
    </ClInclude>
    <ClInclude Include="..\src\gsoap_autogenerated\soapStub.h">
      <Filter>gsoap_autogenerated\headers</Filter>
    </ClInclude>
    <ClInclude Include="..\src\gsoap_autogenerated\stdsoap2.h">
      <Filter>gsoap_autogenerated\headers</Filter>
    </ClInclude>
  </ItemGroup>
  <ItemGroup>
    <ClCompile Include="..\src\stdafx.cpp">
      <Filter>Файлы исходного кода</Filter>
    </ClCompile>
    <ClCompile Include="..\src\shingles.cpp">
      <Filter>Файлы исходного кода</Filter>
    </ClCompile>
    <ClCompile Include="..\src\ShingleAppLogger.cpp">
      <Filter>Файлы исходного кода</Filter>
    </ClCompile>
    <ClCompile Include="..\src\shingleApp.cpp">
      <Filter>Файлы исходного кода</Filter>
    </ClCompile>
    <ClCompile Include="..\src\gsoap_autogenerated\soapC.cpp">
      <Filter>gsoap_autogenerated\src</Filter>
    </ClCompile>
    <ClCompile Include="..\src\gsoap_autogenerated\soapshingleService.cpp">
      <Filter>gsoap_autogenerated\src</Filter>
    </ClCompile>
    <ClCompile Include="..\src\gsoap_autogenerated\stdsoap2.cpp">
      <Filter>gsoap_autogenerated\src</Filter>
    </ClCompile>
    <ClCompile Include="..\src\staffClasses.cpp">
      <Filter>Файлы исходного кода</Filter>
    </ClCompile>
    <ClCompile Include="..\src\shinglsAlg.cpp">
      <Filter>Файлы исходного кода</Filter>
    </ClCompile>
  </ItemGroup>
</Project>